Microsoft Visual Studio Solution File, Format Version 12.00
# Visual Studio Version 17
VisualStudioVersion = 17.8.34309.116
MinimumVisualStudioVersion = 10.0.40219.1
Project("{9A19103F-16F7-4668-BE54-9A1E7A4F7556}") = "Cortside.HealthMonitor.WebApi", "Cortside.HealthMonitor.WebApi\Cortside.HealthMonitor.WebApi.csproj", "{F5BBF1CD-3293-460F-8EDF-4F27DE633A4F}"
EndProject
Project("{2150E333-8FDC-42A3-9474-1A3956D46DE8}") = "_Solution Items", "_Solution Items", "{F604444D-0344-42DC-812A-9B132D0D7EFF}"
	ProjectSection(SolutionItems) = preProject
		.editorconfig = .editorconfig
	EndProjectSection
EndProject
Project("{9A19103F-16F7-4668-BE54-9A1E7A4F7556}") = "Cortside.HealthMonitor.WebApi.IntegrationTests", "Cortside.HealthMonitor.WebApi.IntegrationTests\Cortside.HealthMonitor.WebApi.IntegrationTests.csproj", "{89CC45A5-DB6F-4C8E-8CD3-EDE8F726A44F}"
EndProject
Project("{9A19103F-16F7-4668-BE54-9A1E7A4F7556}") = "Cortside.HealthMonitor.BootStrap", "Cortside.HealthMonitor.BootStrap\Cortside.HealthMonitor.BootStrap.csproj", "{34F84B37-6F88-4F2A-AE54-EEF269D9C02B}"
EndProject
Project("{9A19103F-16F7-4668-BE54-9A1E7A4F7556}") = "Cortside.HealthMonitor.Health", "Cortside.HealthMonitor.Health\Cortside.HealthMonitor.Health.csproj", "{BFD17CB4-8B37-49F7-B5B4-D514FB1A1D90}"
EndProject
Global
	GlobalSection(SolutionConfigurationPlatforms) = preSolution
		Debug|Any CPU = Debug|Any CPU
		Develop|Any CPU = Develop|Any CPU
		Production|Any CPU = Production|Any CPU
		QA|Any CPU = QA|Any CPU
		Release|Any CPU = Release|Any CPU
		Staging|Any CPU = Staging|Any CPU
	EndGlobalSection
	GlobalSection(ProjectConfigurationPlatforms) = postSolution
		{F5BBF1CD-3293-460F-8EDF-4F27DE633A4F}.Debug|Any CPU.ActiveCfg = Debug|Any CPU
		{F5BBF1CD-3293-460F-8EDF-4F27DE633A4F}.Debug|Any CPU.Build.0 = Debug|Any CPU
		{F5BBF1CD-3293-460F-8EDF-4F27DE633A4F}.Develop|Any CPU.ActiveCfg = Debug|Any CPU
		{F5BBF1CD-3293-460F-8EDF-4F27DE633A4F}.Develop|Any CPU.Build.0 = Debug|Any CPU
		{F5BBF1CD-3293-460F-8EDF-4F27DE633A4F}.Production|Any CPU.ActiveCfg = Release|Any CPU
		{F5BBF1CD-3293-460F-8EDF-4F27DE633A4F}.Production|Any CPU.Build.0 = Release|Any CPU
		{F5BBF1CD-3293-460F-8EDF-4F27DE633A4F}.QA|Any CPU.ActiveCfg = Release|Any CPU
		{F5BBF1CD-3293-460F-8EDF-4F27DE633A4F}.QA|Any CPU.Build.0 = Release|Any CPU
		{F5BBF1CD-3293-460F-8EDF-4F27DE633A4F}.Release|Any CPU.ActiveCfg = Release|Any CPU
		{F5BBF1CD-3293-460F-8EDF-4F27DE633A4F}.Release|Any CPU.Build.0 = Release|Any CPU
		{F5BBF1CD-3293-460F-8EDF-4F27DE633A4F}.Staging|Any CPU.ActiveCfg = Release|Any CPU
		{F5BBF1CD-3293-460F-8EDF-4F27DE633A4F}.Staging|Any CPU.Build.0 = Release|Any CPU
		{89CC45A5-DB6F-4C8E-8CD3-EDE8F726A44F}.Debug|Any CPU.ActiveCfg = Debug|Any CPU
		{89CC45A5-DB6F-4C8E-8CD3-EDE8F726A44F}.Debug|Any CPU.Build.0 = Debug|Any CPU
		{89CC45A5-DB6F-4C8E-8CD3-EDE8F726A44F}.Develop|Any CPU.ActiveCfg = Debug|Any CPU
		{89CC45A5-DB6F-4C8E-8CD3-EDE8F726A44F}.Develop|Any CPU.Build.0 = Debug|Any CPU
		{89CC45A5-DB6F-4C8E-8CD3-EDE8F726A44F}.Production|Any CPU.ActiveCfg = Debug|Any CPU
		{89CC45A5-DB6F-4C8E-8CD3-EDE8F726A44F}.Production|Any CPU.Build.0 = Debug|Any CPU
		{89CC45A5-DB6F-4C8E-8CD3-EDE8F726A44F}.QA|Any CPU.ActiveCfg = Debug|Any CPU
		{89CC45A5-DB6F-4C8E-8CD3-EDE8F726A44F}.QA|Any CPU.Build.0 = Debug|Any CPU
		{89CC45A5-DB6F-4C8E-8CD3-EDE8F726A44F}.Release|Any CPU.ActiveCfg = Production|Any CPU
		{89CC45A5-DB6F-4C8E-8CD3-EDE8F726A44F}.Release|Any CPU.Build.0 = Production|Any CPU
		{89CC45A5-DB6F-4C8E-8CD3-EDE8F726A44F}.Staging|Any CPU.ActiveCfg = Debug|Any CPU
		{89CC45A5-DB6F-4C8E-8CD3-EDE8F726A44F}.Staging|Any CPU.Build.0 = Debug|Any CPU
		{34F84B37-6F88-4F2A-AE54-EEF269D9C02B}.Debug|Any CPU.ActiveCfg = Debug|Any CPU
		{34F84B37-6F88-4F2A-AE54-EEF269D9C02B}.Debug|Any CPU.Build.0 = Debug|Any CPU
		{34F84B37-6F88-4F2A-AE54-EEF269D9C02B}.Develop|Any CPU.ActiveCfg = Debug|Any CPU
		{34F84B37-6F88-4F2A-AE54-EEF269D9C02B}.Develop|Any CPU.Build.0 = Debug|Any CPU
		{34F84B37-6F88-4F2A-AE54-EEF269D9C02B}.Production|Any CPU.ActiveCfg = Debug|Any CPU
		{34F84B37-6F88-4F2A-AE54-EEF269D9C02B}.Production|Any CPU.Build.0 = Debug|Any CPU
		{34F84B37-6F88-4F2A-AE54-EEF269D9C02B}.QA|Any CPU.ActiveCfg = Debug|Any CPU
		{34F84B37-6F88-4F2A-AE54-EEF269D9C02B}.QA|Any CPU.Build.0 = Debug|Any CPU
		{34F84B37-6F88-4F2A-AE54-EEF269D9C02B}.Release|Any CPU.ActiveCfg = Release|Any CPU
		{34F84B37-6F88-4F2A-AE54-EEF269D9C02B}.Release|Any CPU.Build.0 = Release|Any CPU
		{34F84B37-6F88-4F2A-AE54-EEF269D9C02B}.Staging|Any CPU.ActiveCfg = Debug|Any CPU
		{34F84B37-6F88-4F2A-AE54-EEF269D9C02B}.Staging|Any CPU.Build.0 = Debug|Any CPU
		{BFD17CB4-8B37-49F7-B5B4-D514FB1A1D90}.Debug|Any CPU.ActiveCfg = Debug|Any CPU
		{BFD17CB4-8B37-49F7-B5B4-D514FB1A1D90}.Debug|Any CPU.Build.0 = Debug|Any CPU
		{BFD17CB4-8B37-49F7-B5B4-D514FB1A1D90}.Develop|Any CPU.ActiveCfg = Debug|Any CPU
		{BFD17CB4-8B37-49F7-B5B4-D514FB1A1D90}.Develop|Any CPU.Build.0 = Debug|Any CPU
		{BFD17CB4-8B37-49F7-B5B4-D514FB1A1D90}.Production|Any CPU.ActiveCfg = Release|Any CPU
		{BFD17CB4-8B37-49F7-B5B4-D514FB1A1D90}.Production|Any CPU.Build.0 = Release|Any CPU
		{BFD17CB4-8B37-49F7-B5B4-D514FB1A1D90}.QA|Any CPU.ActiveCfg = Release|Any CPU
		{BFD17CB4-8B37-49F7-B5B4-D514FB1A1D90}.QA|Any CPU.Build.0 = Release|Any CPU
		{BFD17CB4-8B37-49F7-B5B4-D514FB1A1D90}.Release|Any CPU.ActiveCfg = Release|Any CPU
		{BFD17CB4-8B37-49F7-B5B4-D514FB1A1D90}.Release|Any CPU.Build.0 = Release|Any CPU
		{BFD17CB4-8B37-49F7-B5B4-D514FB1A1D90}.Staging|Any CPU.ActiveCfg = Release|Any CPU
		{BFD17CB4-8B37-49F7-B5B4-D514FB1A1D90}.Staging|Any CPU.Build.0 = Release|Any CPU
	EndGlobalSection
	GlobalSection(SolutionProperties) = preSolution
		HideSolutionNode = FALSE
	EndGlobalSection
	GlobalSection(ExtensibilityGlobals) = postSolution
		SolutionGuid = {67E5D594-988F-42D6-AA45-6BC833F233A7}
	EndGlobalSection
EndGlobal
